
Microsoft Visual Studio Solution File, Format Version 12.00
# Visual Studio Version 16
VisualStudioVersion = 16.0.32106.194
MinimumVisualStudioVersion = 10.0.40219.1
Project("{FAE04EC0-301F-11D3-BF4B-00C04F79EFBC}") = "BackToThePast", "BackToThePast.csproj", "{16178607-08FB-4A9F-96B0-E50A091642B9}"
EndProject
Global
	GlobalSection(SolutionConfigurationPlatforms) = preSolution
		Debug|Any CPU = Debug|Any CPU
		Release|Any CPU = Release|Any CPU
	EndGlobalSection
	GlobalSection(ProjectConfigurationPlatforms) = postSolution
		{16178607-08FB-4A9F-96B0-E50A091642B9}.Debug|Any CPU.ActiveCfg = Debug|Any CPU
		{16178607-08FB-4A9F-96B0-E50A091642B9}.Debug|Any CPU.Build.0 = Debug|Any CPU
		{16178607-08FB-4A9F-96B0-E50A091642B9}.Release|Any CPU.ActiveCfg = Release|Any CPU
		{16178607-08FB-4A9F-96B0-E50A091642B9}.Release|Any CPU.Build.0 = Release|Any CPU
	EndGlobalSection
	GlobalSection(SolutionProperties) = preSolution
		HideSolutionNode = FALSE
	EndGlobalSection
	GlobalSection(ExtensibilityGlobals) = postSolution
		SolutionGuid = {6C6A65B4-E231-4A43-89B4-1D8D4E12E74B}
	EndGlobalSection
EndGlobal
